{
  "requires": true,
  "lockfileVersion": 1,
  "dependencies": {
    "openweather-apis": {
      "version": "4.4.2",
      "resolved": "https://registry.npmjs.org/openweather-apis/-/openweather-apis-4.4.2.tgz",
      "integrity": "sha512-hhmpDtG8/nC1kbfSo2rGeryORN3HY+c4GugdvsOQi22rtML0wT4MQ1kTosRv58SwFOX/9jRziWzEEvidydbvMg=="
    },
    "requirejs": {
      "version": "2.3.6",
      "resolved": "https://registry.npmjs.org/requirejs/-/requirejs-2.3.6.tgz",
      "integrity": "sha512-ipEzlWQe6RK3jkzikgCupiTbTvm4S0/CAU5GlgptkN5SO6F3u0UD0K18wy6ErDqiCyP4J4YYe1HuAShvsxePLg=="
    }
  }
}
